// !$*UTF8*$!
{
	archiveVersion = 1;
	classes = {
	};
	objectVersion = 46;
	objects = {

/* Begin PBXBuildFile section */
		8B2969891F291CD30012C5F5 /* AppDelegate.swift in Sources */ = {isa = PBXBuildFile; fileRef = 8B2969881F291CD30012C5F5 /* AppDelegate.swift */; };
		8B29698E1F291CD30012C5F5 /* Main.storyboard in Resources */ = {isa = PBXBuildFile; fileRef = 8B29698C1F291CD30012C5F5 /* Main.storyboard */; };
		8B2969901F291CD30012C5F5 /* Assets.xcassets in Resources */ = {isa = PBXBuildFile; fileRef = 8B29698F1F291CD30012C5F5 /* Assets.xcassets */; };
		8B2969931F291CD30012C5F5 /* LaunchScreen.storyboard in Resources */ = {isa = PBXBuildFile; fileRef = 8B2969911F291CD30012C5F5 /* LaunchScreen.storyboard */; };
		8B29699E1F291CD30012C5F5 /* Conversion_CalculatorTests.swift in Sources */ = {isa = PBXBuildFile; fileRef = 8B29699D1F291CD30012C5F5 /* Conversion_CalculatorTests.swift */; };
		8B2969A91F291CD30012C5F5 /* Conversion_CalculatorUITests.swift in Sources */ = {isa = PBXBuildFile; fileRef = 8B2969A81F291CD30012C5F5 /* Conversion_CalculatorUITests.swift */; };
		8B2969B71F2924EE0012C5F5 /* CalculatorViewController.swift in Sources */ = {isa = PBXBuildFile; fileRef = 8B2969B61F2924EE0012C5F5 /* CalculatorViewController.swift */; };
		8B2969BA1F2926220012C5F5 /* Conversion.swift in Sources */ = {isa = PBXBuildFile; fileRef = 8B2969B91F2926220012C5F5 /* Conversion.swift */; };
/* End PBXBuildFile section */

/* Begin PBXContainerItemProxy section */
		8B29699A1F291CD30012C5F5 /* PBXContainerItemProxy */ = {
			isa = PBXContainerItemProxy;
			containerPortal = 8B29697D1F291CD30012C5F5 /* Project object */;
			proxyType = 1;
			remoteGlobalIDString = 8B2969841F291CD30012C5F5;
			remoteInfo = "Conversion Calculator";
		};
		8B2969A51F291CD30012C5F5 /* PBXContainerItemProxy */ = {
			isa = PBXContainerItemProxy;
			containerPortal = 8B29697D1F291CD30012C5F5 /* Project object */;
			proxyType = 1;
			remoteGlobalIDString = 8B2969841F291CD30012C5F5;
			remoteInfo = "Conversion Calculator";
		};
/* End PBXContainerItemProxy section */

/* Begin PBXFileReference section */
		8B2969851F291CD30012C5F5 /* Conversion Calculator.app */ = {isa = PBXFileReference; explicitFileType = wrapper.application; includeInIndex = 0; path = "Conversion Calculator.app"; sourceTree = BUILT_PRODUCTS_DIR; };
		8B2969881F291CD30012C5F5 /* AppDelegate.swift */ = {isa = PBXFileReference; lastKnownFileType = sourcecode.swift; path = AppDelegate.swift; sourceTree = "<group>"; };
		8B29698D1F291CD30012C5F5 /* Base */ = {isa = PBXFileReference; lastKnownFileType = file.storyboard; name = Base; path = Base.lproj/Main.storyboard; sourceTree = "<group>"; };
		8B29698F1F291CD30012C5F5 /* Assets.xcassets */ = {isa = PBXFileReference; lastKnownFileType = folder.assetcatalog; path = Assets.xcassets; sourceTree = "<group>"; };
		8B2969921F291CD30012C5F5 /* Base */ = {isa = PBXFileReference; lastKnownFileType = file.storyboard; name = Base; path = Base.lproj/LaunchScreen.storyboard; sourceTree = "<group>"; };
		8B2969941F291CD30012C5F5 /* Info.plist */ = {isa = PBXFileReference; lastKnownFileType = text.plist.xml; path = Info.plist; sourceTree = "<group>"; };
		8B2969991F291CD30012C5F5 /* Conversion CalculatorTests.xctest */ = {isa = PBXFileReference; explicitFileType = wrapper.cfbundle; includeInIndex = 0; path = "Conversion CalculatorTests.xctest"; sourceTree = BUILT_PRODUCTS_DIR; };
		8B29699D1F291CD30012C5F5 /* Conversion_CalculatorTests.swift */ = {isa = PBXFileReference; lastKnownFileType = sourcecode.swift; path = Conversion_CalculatorTests.swift; sourceTree = "<group>"; };
		8B29699F1F291CD30012C5F5 /* Info.plist */ = {isa = PBXFileReference; lastKnownFileType = text.plist.xml; path = Info.plist; sourceTree = "<group>"; };
		8B2969A41F291CD30012C5F5 /* Conversion CalculatorUITests.xctest */ = {isa = PBXFileReference; explicitFileType = wrapper.cfbundle; includeInIndex = 0; path = "Conversion CalculatorUITests.xctest"; sourceTree = BUILT_PRODUCTS_DIR; };
		8B2969A81F291CD30012C5F5 /* Conversion_CalculatorUITests.swift */ = {isa = PBXFileReference; lastKnownFileType = sourcecode.swift; path = Conversion_CalculatorUITests.swift; sourceTree = "<group>"; };
		8B2969AA1F291CD30012C5F5 /* Info.plist */ = {isa = PBXFileReference; lastKnownFileType = text.plist.xml; path = Info.plist; sourceTree = "<group>"; };
		8B2969B61F2924EE0012C5F5 /* CalculatorViewController.swift */ = {isa = PBXFileReference; fileEncoding = 4; lastKnownFileType = sourcecode.swift; path = CalculatorViewController.swift; sourceTree = "<group>"; };
		8B2969B91F2926220012C5F5 /* Conversion.swift */ = {isa = PBXFileReference; fileEncoding = 4; lastKnownFileType = sourcecode.swift; path = Conversion.swift; sourceTree = "<group>"; };
/* End PBXFileReference section */

/* Begin PBXFrameworksBuildPhase section */
		8B2969821F291CD30012C5F5 /* Frameworks */ = {
			isa = PBXFrameworksBuildPhase;
			buildActionMask = 2147483647;
			files = (
			);
			runOnlyForDeploymentPostprocessing = 0;
		};
		8B2969961F291CD30012C5F5 /* Frameworks */ = {
			isa = PBXFrameworksBuildPhase;
			buildActionMask = 2147483647;
			files = (
			);
			runOnlyForDeploymentPostprocessing = 0;
		};
		8B2969A11F291CD30012C5F5 /* Frameworks */ = {
			isa = PBXFrameworksBuildPhase;
			buildActionMask = 2147483647;
			files = (
			);
			runOnlyForDeploymentPostprocessing = 0;
		};
/* End PBXFrameworksBuildPhase section */

/* Begin PBXGroup section */
		8B29697C1F291CD30012C5F5 = {
			isa = PBXGroup;
			children = (
				8B2969871F291CD30012C5F5 /* Conversion Calculator */,
				8B29699C1F291CD30012C5F5 /* Conversion CalculatorTests */,
				8B2969A71F291CD30012C5F5 /* Conversion CalculatorUITests */,
				8B2969861F291CD30012C5F5 /* Products */,
			);
			sourceTree = "<group>";
		};
		8B2969861F291CD30012C5F5 /* Products */ = {
			isa = PBXGroup;
			children = (
				8B2969851F291CD30012C5F5 /* Conversion Calculator.app */,
				8B2969991F291CD30012C5F5 /* Conversion CalculatorTests.xctest */,
				8B2969A41F291CD30012C5F5 /* Conversion CalculatorUITests.xctest */,
			);
			name = Products;
			sourceTree = "<group>";
		};
		8B2969871F291CD30012C5F5 /* Conversion Calculator */ = {
			isa = PBXGroup;
			children = (
				8B2969B81F29260E0012C5F5 /* Model */,
				8B2969881F291CD30012C5F5 /* AppDelegate.swift */,
				8B2969B61F2924EE0012C5F5 /* CalculatorViewController.swift */,
				8B29698C1F291CD30012C5F5 /* Main.storyboard */,
				8B29698F1F291CD30012C5F5 /* Assets.xcassets */,
				8B2969911F291CD30012C5F5 /* LaunchScreen.storyboard */,
				8B2969941F291CD30012C5F5 /* Info.plist */,
			);
			path = "Conversion Calculator";
			sourceTree = "<group>";
		};
		8B29699C1F291CD30012C5F5 /* Conversion CalculatorTests */ = {
			isa = PBXGroup;
			children = (
				8B29699D1F291CD30012C5F5 /* Conversion_CalculatorTests.swift */,
				8B29699F1F291CD30012C5F5 /* Info.plist */,
			);
			path = "Conversion CalculatorTests";
			sourceTree = "<group>";
		};
		8B2969A71F291CD30012C5F5 /* Conversion CalculatorUITests */ = {
			isa = PBXGroup;
			children = (
				8B2969A81F291CD30012C5F5 /* Conversion_CalculatorUITests.swift */,
				8B2969AA1F291CD30012C5F5 /* Info.plist */,
			);
			path = "Conversion CalculatorUITests";
			sourceTree = "<group>";
		};
		8B2969B81F29260E0012C5F5 /* Model */ = {
			isa = PBXGroup;
			children = (
				8B2969B91F2926220012C5F5 /* Conversion.swift */,
			);
			name = Model;
			sourceTree = "<group>";
		};
/* End PBXGroup section */

/* Begin PBXNativeTarget section */
		8B2969841F291CD30012C5F5 /* Conversion Calculator */ = {
			isa = PBXNativeTarget;
			buildConfigurationList = 8B2969AD1F291CD30012C5F5 /* Build configuration list for PBXNativeTarget "Conversion Calculator" */;
			buildPhases = (
				8B2969811F291CD30012C5F5 /* Sources */,
				8B2969821F291CD30012C5F5 /* Frameworks */,
				8B2969831F291CD30012C5F5 /* Resources */,
			);
			buildRules = (
			);
			dependencies = (
			);
			name = "Conversion Calculator";
			productName = "Conversion Calculator";
			productReference = 8B2969851F291CD30012C5F5 /* Conversion Calculator.app */;
			productType = "com.apple.product-type.application";
		};
		8B2969981F291CD30012C5F5 /* Conversion CalculatorTests */ = {
			isa = PBXNativeTarget;
			buildConfigurationList = 8B2969B01F291CD30012C5F5 /* Build configuration list for PBXNativeTarget "Conversion CalculatorTests" */;
			buildPhases = (
				8B2969951F291CD30012C5F5 /* Sources */,
				8B2969961F291CD30012C5F5 /* Frameworks */,
				8B2969971F291CD30012C5F5 /* Resources */,
			);
			buildRules = (
			);
			dependencies = (
				8B29699B1F291CD30012C5F5 /* PBXTargetDependency */,
			);
			name = "Conversion CalculatorTests";
			productName = "Conversion CalculatorTests";
			productReference = 8B2969991F291CD30012C5F5 /* Conversion CalculatorTests.xctest */;
			productType = "com.apple.product-type.bundle.unit-test";
		};
		8B2969A31F291CD30012C5F5 /* Conversion CalculatorUITests */ = {
			isa = PBXNativeTarget;
			buildConfigurationList = 8B2969B31F291CD30012C5F5 /* Build configuration list for PBXNativeTarget "Conversion CalculatorUITests" */;
			buildPhases = (
				8B2969A01F291CD30012C5F5 /* Sources */,
				8B2969A11F291CD30012C5F5 /* Frameworks */,
				8B2969A21F291CD30012C5F5 /* Resources */,
			);
			buildRules = (
			);
			dependencies = (
				8B2969A61F291CD30012C5F5 /* PBXTargetDependency */,
			);
			name = "Conversion CalculatorUITests";
			productName = "Conversion CalculatorUITests";
			productReference = 8B2969A41F291CD30012C5F5 /* Conversion CalculatorUITests.xctest */;
			productType = "com.apple.product-type.bundle.ui-testing";
		};
/* End PBXNativeTarget section */

/* Begin PBXProject section */
		8B29697D1F291CD30012C5F5 /* Project object */ = {
			isa = PBXProject;
			attributes = {
				LastSwiftUpdateCheck = 0830;
				LastUpgradeCheck = 0830;
				ORGANIZATIONNAME = "Dominic Pilla";
				TargetAttributes = {
					8B2969841F291CD30012C5F5 = {
						CreatedOnToolsVersion = 8.3.3;
						ProvisioningStyle = Automatic;
					};
					8B2969981F291CD30012C5F5 = {
						CreatedOnToolsVersion = 8.3.3;
						ProvisioningStyle = Automatic;
						TestTargetID = 8B2969841F291CD30012C5F5;
					};
					8B2969A31F291CD30012C5F5 = {
						CreatedOnToolsVersion = 8.3.3;
						ProvisioningStyle = Automatic;
						TestTargetID = 8B2969841F291CD30012C5F5;
					};
				};
			};
			buildConfigurationList = 8B2969801F291CD30012C5F5 /* Build configuration list for PBXProject "Conversion Calculator" */;
			compatibilityVersion = "Xcode 3.2";
			developmentRegion = English;
			hasScannedForEncodings = 0;
			knownRegions = (
				en,
				Base,
			);
			mainGroup = 8B29697C1F291CD30012C5F5;
			productRefGroup = 8B2969861F291CD30012C5F5 /* Products */;
			projectDirPath = "";
			projectRoot = "";
			targets = (
				8B2969841F291CD30012C5F5 /* Conversion Calculator */,
				8B2969981F291CD30012C5F5 /* Conversion CalculatorTests */,
				8B2969A31F291CD30012C5F5 /* Conversion CalculatorUITests */,
			);
		};
/* End PBXProject section */

/* Begin PBXResourcesBuildPhase section */
		8B2969831F291CD30012C5F5 /* Resources */ = {
			isa = PBXResourcesBuildPhase;
			buildActionMask = 2147483647;
			files = (
				8B2969931F291CD30012C5F5 /* LaunchScreen.storyboard in Resources */,
				8B2969901F291CD30012C5F5 /* Assets.xcassets in Resources */,
				8B29698E1F291CD30012C5F5 /* Main.storyboard in Resources */,
			);
			runOnlyForDeploymentPostprocessing = 0;
		};
		8B2969971F291CD30012C5F5 /* Resources */ = {
			isa = PBXResourcesBuildPhase;
			buildActionMask = 2147483647;
			files = (
			);
			runOnlyForDeploymentPostprocessing = 0;
		};
		8B2969A21F291CD30012C5F5 /* Resources */ = {
			isa = PBXResourcesBuildPhase;
			buildActionMask = 2147483647;
			files = (
			);
			runOnlyForDeploymentPostprocessing = 0;
		};
/* End PBXResourcesBuildPhase section */

/* Begin PBXSourcesBuildPhase section */
		8B2969811F291CD30012C5F5 /* Sources */ = {
			isa = PBXSourcesBuildPhase;
			buildActionMask = 2147483647;
			files = (
				8B2969BA1F2926220012C5F5 /* Conversion.swift in Sources */,
				8B2969B71F2924EE0012C5F5 /* CalculatorViewController.swift in Sources */,
				8B2969891F291CD30012C5F5 /* AppDelegate.swift in Sources */,
			);
			runOnlyForDeploymentPostprocessing = 0;
		};
		8B2969951F291CD30012C5F5 /* Sources */ = {
			isa = PBXSourcesBuildPhase;
			buildActionMask = 2147483647;
			files = (
				8B29699E1F291CD30012C5F5 /* Conversion_CalculatorTests.swift in Sources */,
			);
			runOnlyForDeploymentPostprocessing = 0;
		};
		8B2969A01F291CD30012C5F5 /* Sources */ = {
			isa = PBXSourcesBuildPhase;
			buildActionMask = 2147483647;
			files = (
				8B2969A91F291CD30012C5F5 /* Conversion_CalculatorUITests.swift in Sources */,
			);
			runOnlyForDeploymentPostprocessing = 0;
		};
/* End PBXSourcesBuildPhase section */

/* Begin PBXTargetDependency section */
		8B29699B1F291CD30012C5F5 /* PBXTargetDependency */ = {
			isa = PBXTargetDependency;
			target = 8B2969841F291CD30012C5F5 /* Conversion Calculator */;
			targetProxy = 8B29699A1F291CD30012C5F5 /* PBXContainerItemProxy */;
		};
		8B2969A61F291CD30012C5F5 /* PBXTargetDependency */ = {
			isa = PBXTargetDependency;
			target = 8B2969841F291CD30012C5F5 /* Conversion Calculator */;
			targetProxy = 8B2969A51F291CD30012C5F5 /* PBXContainerItemProxy */;
		};
/* End PBXTargetDependency section */

/* Begin PBXVariantGroup section */
		8B29698C1F291CD30012C5F5 /* Main.storyboard */ = {
			isa = PBXVariantGroup;
			children = (
				8B29698D1F291CD30012C5F5 /* Base */,
			);
			name = Main.storyboard;
			sourceTree = "<group>";
		};
		8B2969911F291CD30012C5F5 /* LaunchScreen.storyboard */ = {
			isa = PBXVariantGroup;
			children = (
				8B2969921F291CD30012C5F5 /* Base */,
			);
			name = LaunchScreen.storyboard;
			sourceTree = "<group>";
		};
/* End PBXVariantGroup section */

/* Begin XCBuildConfiguration section */
		8B2969AB1F291CD30012C5F5 /* Debug */ = {
			isa = XCBuildConfiguration;
			buildSettings = {
				ALWAYS_SEARCH_USER_PATHS = NO;
				CLANG_ANALYZER_NONNULL = YES;
				CLANG_ANALYZER_NUMBER_OBJECT_CONVERSION = YES_AGGRESSIVE;
				CLANG_CXX_LANGUAGE_STANDARD = "gnu++0x";
				CLANG_CXX_LIBRARY = "libc++";
				CLANG_ENABLE_MODULES = YES;
				CLANG_ENABLE_OBJC_ARC = YES;
				CLANG_WARN_BOOL_CONVERSION = YES;
				CLANG_WARN_CONSTANT_CONVERSION = YES;
				CLANG_WARN_DIRECT_OBJC_ISA_USAGE = YES_ERROR;
				CLANG_WARN_DOCUMENTATION_COMMENTS = YES;
				CLANG_WARN_EMPTY_BODY = YES;
				CLANG_WARN_ENUM_CONVERSION = YES;
				CLANG_WARN_INFINITE_RECURSION = YES;
				CLANG_WARN_INT_CONVERSION = YES;
				CLANG_WARN_OBJC_ROOT_CLASS = YES_ERROR;
				CLANG_WARN_SUSPICIOUS_MOVE = YES;
				CLANG_WARN_UNREACHABLE_CODE = YES;
				CLANG_WARN__DUPLICATE_METHOD_MATCH = YES;
				"CODE_SIGN_IDENTITY[sdk=iphoneos*]" = "iPhone Developer";
				COPY_PHASE_STRIP = NO;
				DEBUG_INFORMATION_FORMAT = dwarf;
				ENABLE_STRICT_OBJC_MSGSEND = YES;
				ENABLE_TESTABILITY = YES;
				GCC_C_LANGUAGE_STANDARD = gnu99;
				GCC_DYNAMIC_NO_PIC = NO;
				GCC_NO_COMMON_BLOCKS = YES;
				GCC_OPTIMIZATION_LEVEL = 0;
				GCC_PREPROCESSOR_DEFINITIONS = (
					"DEBUG=1",
					"$(inherited)",
				);
				GCC_WARN_64_TO_32_BIT_CONVERSION = YES;
				GCC_WARN_ABOUT_RETURN_TYPE = YES_ERROR;
				GCC_WARN_UNDECLARED_SELECTOR = YES;
				GCC_WARN_UNINITIALIZED_AUTOS = YES_AGGRESSIVE;
				GCC_WARN_UNUSED_FUNCTION = YES;
				GCC_WARN_UNUSED_VARIABLE = YES;
				IPHONEOS_DEPLOYMENT_TARGET = 10.3;
				MTL_ENABLE_DEBUG_INFO = YES;
				ONLY_ACTIVE_ARCH = YES;
				SDKROOT = iphoneos;
				SWIFT_ACTIVE_COMPILATION_CONDITIONS = DEBUG;
				SWIFT_OPTIMIZATION_LEVEL = "-Onone";
				TARGETED_DEVICE_FAMILY = "1,2";
			};
			name = Debug;
		};
		8B2969AC1F291CD30012C5F5 /* Release */ = {
			isa = XCBuildConfiguration;
			buildSettings = {
				ALWAYS_SEARCH_USER_PATHS = NO;
				CLANG_ANALYZER_NONNULL = YES;
				CLANG_ANALYZER_NUMBER_OBJECT_CONVERSION = YES_AGGRESSIVE;
				CLANG_CXX_LANGUAGE_STANDARD = "gnu++0x";
				CLANG_CXX_LIBRARY = "libc++";
				CLANG_ENABLE_MODULES = YES;
				CLANG_ENABLE_OBJC_ARC = YES;
				CLANG_WARN_BOOL_CONVERSION = YES;
				CLANG_WARN_CONSTANT_CONVERSION = YES;
				CLANG_WARN_DIRECT_OBJC_ISA_USAGE = YES_ERROR;
				CLANG_WARN_DOCUMENTATION_COMMENTS = YES;
				CLANG_WARN_EMPTY_BODY = YES;
				CLANG_WARN_ENUM_CONVERSION = YES;
				CLANG_WARN_INFINITE_RECURSION = YES;
				CLANG_WARN_INT_CONVERSION = YES;
				CLANG_WARN_OBJC_ROOT_CLASS = YES_ERROR;
				CLANG_WARN_SUSPICIOUS_MOVE = YES;
				CLANG_WARN_UNREACHABLE_CODE = YES;
				CLANG_WARN__DUPLICATE_METHOD_MATCH = YES;
				"CODE_SIGN_IDENTITY[sdk=iphoneos*]" = "iPhone Developer";
				COPY_PHASE_STRIP = NO;
				DEBUG_INFORMATION_FORMAT = "dwarf-with-dsym";
				ENABLE_NS_ASSERTIONS = NO;
				ENABLE_STRICT_OBJC_MSGSEND = YES;
				GCC_C_LANGUAGE_STANDARD = gnu99;
				GCC_NO_COMMON_BLOCKS = YES;
				GCC_WARN_64_TO_32_BIT_CONVERSION = YES;
				GCC_WARN_ABOUT_RETURN_TYPE = YES_ERROR;
				GCC_WARN_UNDECLARED_SELECTOR = YES;
				GCC_WARN_UNINITIALIZED_AUTOS = YES_AGGRESSIVE;
				GCC_WARN_UNUSED_FUNCTION = YES;
				GCC_WARN_UNUSED_VARIABLE = YES;
				IPHONEOS_DEPLOYMENT_TARGET = 10.3;
				MTL_ENABLE_DEBUG_INFO = NO;
				SDKROOT = iphoneos;
				SWIFT_OPTIMIZATION_LEVEL = "-Owholemodule";
				TARGETED_DEVICE_FAMILY = "1,2";
				VALIDATE_PRODUCT = YES;
			};
			name = Release;
		};
		8B2969AE1F291CD30012C5F5 /* Debug */ = {
			isa = XCBuildConfiguration;
			buildSettings = {
				ASSETCATALOG_COMPILER_APPICON_NAME = AppIcon;
				INFOPLIST_FILE = "Conversion Calculator/Info.plist";
				LD_RUNPATH_SEARCH_PATHS = "$(inherited) @executable_path/Frameworks";
				PRODUCT_BUNDLE_IDENTIFIER = "djpkvf.Conversion-Calculator";
				PRODUCT_NAME = "$(TARGET_NAME)";
				SWIFT_VERSION = 3.0;
			};
			name = Debug;
		};
		8B2969AF1F291CD30012C5F5 /* Release */ = {
			isa = XCBuildConfiguration;
			buildSettings = {
				ASSETCATALOG_COMPILER_APPICON_NAME = AppIcon;
				INFOPLIST_FILE = "Conversion Calculator/Info.plist";
				LD_RUNPATH_SEARCH_PATHS = "$(inherited) @executable_path/Frameworks";
				PRODUCT_BUNDLE_IDENTIFIER = "djpkvf.Conversion-Calculator";
				PRODUCT_NAME = "$(TARGET_NAME)";
				SWIFT_VERSION = 3.0;
			};
			name = Release;
		};
		8B2969B11F291CD30012C5F5 /* Debug */ = {
			isa = XCBuildConfiguration;
			buildSettings = {
				ALWAYS_EMBED_SWIFT_STANDARD_LIBRARIES = YES;
				BUNDLE_LOADER = "$(TEST_HOST)";
				INFOPLIST_FILE = "Conversion CalculatorTests/Info.plist";
				LD_RUNPATH_SEARCH_PATHS = "$(inherited) @executable_path/Frameworks @loader_path/Frameworks";
				PRODUCT_BUNDLE_IDENTIFIER = "djpkvf.Conversion-CalculatorTests";
				PRODUCT_NAME = "$(TARGET_NAME)";
				SWIFT_VERSION = 3.0;
				TEST_HOST = "$(BUILT_PRODUCTS_DIR)/Conversion Calculator.app/Conversion Calculator";
			};
			name = Debug;
		};
		8B2969B21F291CD30012C5F5 /* Release */ = {
			isa = XCBuildConfiguration;
			buildSettings = {
				ALWAYS_EMBED_SWIFT_STANDARD_LIBRARIES = YES;
				BUNDLE_LOADER = "$(TEST_HOST)";
				INFOPLIST_FILE = "Conversion CalculatorTests/Info.plist";
				LD_RUNPATH_SEARCH_PATHS = "$(inherited) @executable_path/Frameworks @loader_path/Frameworks";
				PRODUCT_BUNDLE_IDENTIFIER = "djpkvf.Conversion-CalculatorTests";
				PRODUCT_NAME = "$(TARGET_NAME)";
				SWIFT_VERSION = 3.0;
				TEST_HOST = "$(BUILT_PRODUCTS_DIR)/Conversion Calculator.app/Conversion Calculator";
			};
			name = Release;
		};
		8B2969B41F291CD30012C5F5 /* Debug */ = {
			isa = XCBuildConfiguration;
			buildSettings = {
				ALWAYS_EMBED_SWIFT_STANDARD_LIBRARIES = YES;
				INFOPLIST_FILE = "Conversion CalculatorUITests/Info.plist";
				LD_RUNPATH_SEARCH_PATHS = "$(inherited) @executable_path/Frameworks @loader_path/Frameworks";
				PRODUCT_BUNDLE_IDENTIFIER = "djpkvf.Conversion-CalculatorUITests";
				PRODUCT_NAME = "$(TARGET_NAME)";
				SWIFT_VERSION = 3.0;
				TEST_TARGET_NAME = "Conversion Calculator";
			};
			name = Debug;
		};
		8B2969B51F291CD30012C5F5 /* Release */ = {
			isa = XCBuildConfiguration;
			buildSettings = {
				ALWAYS_EMBED_SWIFT_STANDARD_LIBRARIES = YES;
				INFOPLIST_FILE = "Conversion CalculatorUITests/Info.plist";
				LD_RUNPATH_SEARCH_PATHS = "$(inherited) @executable_path/Frameworks @loader_path/Frameworks";
				PRODUCT_BUNDLE_IDENTIFIER = "djpkvf.Conversion-CalculatorUITests";
				PRODUCT_NAME = "$(TARGET_NAME)";
				SWIFT_VERSION = 3.0;
				TEST_TARGET_NAME = "Conversion Calculator";
			};
			name = Release;
		};
/* End XCBuildConfiguration section */

/* Begin XCConfigurationList section */
		8B2969801F291CD30012C5F5 /* Build configuration list for PBXProject "Conversion Calculator" */ = {
			isa = XCConfigurationList;
			buildConfigurations = (
				8B2969AB1F291CD30012C5F5 /* Debug */,
				8B2969AC1F291CD30012C5F5 /* Release */,
			);
			defaultConfigurationIsVisible = 0;
			defaultConfigurationName = Release;
		};
		8B2969AD1F291CD30012C5F5 /* Build configuration list for PBXNativeTarget "Conversion Calculator" */ = {
			isa = XCConfigurationList;
			buildConfigurations = (
				8B2969AE1F291CD30012C5F5 /* Debug */,
				8B2969AF1F291CD30012C5F5 /* Release */,
			);
			defaultConfigurationIsVisible = 0;
		};
		8B2969B01F291CD30012C5F5 /* Build configuration list for PBXNativeTarget "Conversion CalculatorTests" */ = {
			isa = XCConfigurationList;
			buildConfigurations = (
				8B2969B11F291CD30012C5F5 /* Debug */,
				8B2969B21F291CD30012C5F5 /* Release */,
			);
			defaultConfigurationIsVisible = 0;
		};
		8B2969B31F291CD30012C5F5 /* Build configuration list for PBXNativeTarget "Conversion CalculatorUITests" */ = {
			isa = XCConfigurationList;
			buildConfigurations = (
				8B2969B41F291CD30012C5F5 /* Debug */,
				8B2969B51F291CD30012C5F5 /* Release */,
			);
			defaultConfigurationIsVisible = 0;
		};
/* End XCConfigurationList section */
	};
	rootObject = 8B29697D1F291CD30012C5F5 /* Project object */;
}
